
Microsoft Visual Studio Solution File, Format Version 12.00
# Visual Studio 15
VisualStudioVersion = 15.0.28010.2026
MinimumVisualStudioVersion = 10.0.40219.1
Project("{FAE04EC0-301F-11D3-BF4B-00C04F79EFBC}") = "Asp.NetMVCCRUD", "Asp.NetMVCCRUD\Asp.NetMVCCRUD.csproj", "{5DBC7D04-F46D-41C4-B5E5-29BC302110C7}"
EndProject
Global
	GlobalSection(SolutionConfigurationPlatforms) = preSolution
		Debug|Any CPU = Debug|Any CPU
		Release|Any CPU = Release|Any CPU
	EndGlobalSection
	GlobalSection(ProjectConfigurationPlatforms) = postSolution
		{5DBC7D04-F46D-41C4-B5E5-29BC302110C7}.Debug|Any CPU.ActiveCfg = Debug|Any CPU
		{5DBC7D04-F46D-41C4-B5E5-29BC302110C7}.Debug|Any CPU.Build.0 = Debug|Any CPU
		{5DBC7D04-F46D-41C4-B5E5-29BC302110C7}.Release|Any CPU.ActiveCfg = Release|Any CPU
		{5DBC7D04-F46D-41C4-B5E5-29BC302110C7}.Release|Any CPU.Build.0 = Release|Any CPU
	EndGlobalSection
	GlobalSection(SolutionProperties) = preSolution
		HideSolutionNode = FALSE
	EndGlobalSection
	GlobalSection(ExtensibilityGlobals) = postSolution
		SolutionGuid = {74DB0D38-147F-4161-A24F-AE883BAF819F}
	EndGlobalSection
EndGlobal
